
Microsoft Visual Studio Solution File, Format Version 12.00
# Visual Studio Version 17
VisualStudioVersion = 17.3.32922.545
MinimumVisualStudioVersion = 10.0.40219.1
Project("{8BC9CEB8-8B4A-11D0-8D11-00A0C91BC942}") = "assignment 6", "assignment 6\assignment 6.vcxproj", "{62191B45-2CFA-418E-AE8D-F3DDBE59615B}"
EndProject
Global
	GlobalSection(SolutionConfigurationPlatforms) = preSolution
		Debug|x64 = Debug|x64
		Debug|x86 = Debug|x86
		Release|x64 = Release|x64
		Release|x86 = Release|x86
	EndGlobalSection
	GlobalSection(ProjectConfigurationPlatforms) = postSolution
		{62191B45-2CFA-418E-AE8D-F3DDBE59615B}.Debug|x64.ActiveCfg = Debug|x64
		{62191B45-2CFA-418E-AE8D-F3DDBE59615B}.Debug|x64.Build.0 = Debug|x64
		{62191B45-2CFA-418E-AE8D-F3DDBE59615B}.Debug|x86.ActiveCfg = Debug|Win32
		{62191B45-2CFA-418E-AE8D-F3DDBE59615B}.Debug|x86.Build.0 = Debug|Win32
		{62191B45-2CFA-418E-AE8D-F3DDBE59615B}.Release|x64.ActiveCfg = Release|x64
		{62191B45-2CFA-418E-AE8D-F3DDBE59615B}.Release|x64.Build.0 = Release|x64
		{62191B45-2CFA-418E-AE8D-F3DDBE59615B}.Release|x86.ActiveCfg = Release|Win32
		{62191B45-2CFA-418E-AE8D-F3DDBE59615B}.Release|x86.Build.0 = Release|Win32
	EndGlobalSection
	GlobalSection(SolutionProperties) = preSolution
		HideSolutionNode = FALSE
	EndGlobalSection
	GlobalSection(ExtensibilityGlobals) = postSolution
		SolutionGuid = {2B1367F7-4500-499E-9897-40FF0931D043}
	EndGlobalSection
EndGlobal
